// !$*UTF8*$!
{
	archiveVersion = 1;
	classes = {
	};
	objectVersion = 50;
	objects = {

/* Begin PBXBuildFile section */
		9C458F962571583D000D638D /* FilterBarView.swift in Sources */ = {isa = PBXBuildFile; fileRef = 9C458F952571583D000D638D /* FilterBarView.swift */; };
		9C458F9E25717486000D638D /* RecipeViewModel.swift in Sources */ = {isa = PBXBuildFile; fileRef = 9C458F9D25717486000D638D /* RecipeViewModel.swift */; };
		9C772B29256EFB68003F920E /* RecipeViewController.swift in Sources */ = {isa = PBXBuildFile; fileRef = 9C772B28256EFB68003F920E /* RecipeViewController.swift */; };
		9C772B3425701CF7003F920E /* UserDefaultsService.swift in Sources */ = {isa = PBXBuildFile; fileRef = 9C772B3325701CF7003F920E /* UserDefaultsService.swift */; };
		9C772B3925701D02003F920E /* ServiceManager.swift in Sources */ = {isa = PBXBuildFile; fileRef = 9C772B3825701D02003F920E /* ServiceManager.swift */; };
		9C772B3E25701D22003F920E /* Services.swift in Sources */ = {isa = PBXBuildFile; fileRef = 9C772B3D25701D22003F920E /* Services.swift */; };
		9C772B44257024B9003F920E /* UserDefaultsServiceProtocol.swift in Sources */ = {isa = PBXBuildFile; fileRef = 9C772B43257024B9003F920E /* UserDefaultsServiceProtocol.swift */; };
		9C772B4A257035BC003F920E /* NetworkServiceProtocol.swift in Sources */ = {isa = PBXBuildFile; fileRef = 9C772B49257035BC003F920E /* NetworkServiceProtocol.swift */; };
		9C772B4F257035C7003F920E /* NetworkService.swift in Sources */ = {isa = PBXBuildFile; fileRef = 9C772B4E257035C7003F920E /* NetworkService.swift */; };
		9C772B54257039F9003F920E /* MainViewModel.swift in Sources */ = {isa = PBXBuildFile; fileRef = 9C772B53257039F9003F920E /* MainViewModel.swift */; };
		9C772B5D25704C9C003F920E /* FileReaderServiceProtocol.swift in Sources */ = {isa = PBXBuildFile; fileRef = 9C772B5C25704C9C003F920E /* FileReaderServiceProtocol.swift */; };
		9C772B6225704CAA003F920E /* FileReaderService.swift in Sources */ = {isa = PBXBuildFile; fileRef = 9C772B6125704CAA003F920E /* FileReaderService.swift */; };
		9C844ACD25740DC40044EA83 /* FilterView.swift in Sources */ = {isa = PBXBuildFile; fileRef = 9C844ACC25740DC40044EA83 /* FilterView.swift */; };
		9C844AD92575B8980044EA83 /* Endpoint.swift in Sources */ = {isa = PBXBuildFile; fileRef = 9C844AD82575B8980044EA83 /* Endpoint.swift */; };
		9CA6C3672565BB9000307B2D /* AppDelegate.swift in Sources */ = {isa = PBXBuildFile; fileRef = 9CA6C3662565BB9000307B2D /* AppDelegate.swift */; };
		9CA6C3692565BB9000307B2D /* SceneDelegate.swift in Sources */ = {isa = PBXBuildFile; fileRef = 9CA6C3682565BB9000307B2D /* SceneDelegate.swift */; };
		9CA6C36B2565BB9000307B2D /* MainViewController.swift in Sources */ = {isa = PBXBuildFile; fileRef = 9CA6C36A2565BB9000307B2D /* MainViewController.swift */; };
		9CA6C3702565BB9200307B2D /* Assets.xcassets in Resources */ = {isa = PBXBuildFile; fileRef = 9CA6C36F2565BB9200307B2D /* Assets.xcassets */; };
		9CA6C3732565BB9200307B2D /* LaunchScreen.storyboard in Resources */ = {isa = PBXBuildFile; fileRef = 9CA6C3712565BB9200307B2D /* LaunchScreen.storyboard */; };
		9CA6C37E2565BB9200307B2D /* MVVM_Recipe_AppTests.swift in Sources */ = {isa = PBXBuildFile; fileRef = 9CA6C37D2565BB9200307B2D /* MVVM_Recipe_AppTests.swift */; };
		9CA6C3892565BB9200307B2D /* MVVM_Recipe_AppUITests.swift in Sources */ = {isa = PBXBuildFile; fileRef = 9CA6C3882565BB9200307B2D /* MVVM_Recipe_AppUITests.swift */; };
		9CA6C39D2565BECF00307B2D /* recipes.txt in Resources */ = {isa = PBXBuildFile; fileRef = 9CA6C39C2565BECF00307B2D /* recipes.txt */; };
		9CA6C3A22565BF6400307B2D /* Recipe.swift in Sources */ = {isa = PBXBuildFile; fileRef = 9CA6C3A12565BF6400307B2D /* Recipe.swift */; };
		9CA6C3A72565BFF200307B2D /* Ingredient.swift in Sources */ = {isa = PBXBuildFile; fileRef = 9CA6C3A62565BFF200307B2D /* Ingredient.swift */; };
		9CA6C3AC2565C11300307B2D /* IngredientType.swift in Sources */ = {isa = PBXBuildFile; fileRef = 9CA6C3AB2565C11300307B2D /* IngredientType.swift */; };
		9CA6C3B22565C2BB00307B2D /* Coordinator.swift in Sources */ = {isa = PBXBuildFile; fileRef = 9CA6C3B12565C2BB00307B2D /* Coordinator.swift */; };
		9CA6C3B72565C63600307B2D /* AppCoordinator.swift in Sources */ = {isa = PBXBuildFile; fileRef = 9CA6C3B62565C63600307B2D /* AppCoordinator.swift */; };
/* End PBXBuildFile section */

/* Begin PBXContainerItemProxy section */
		9CA6C37A2565BB9200307B2D /* PBXContainerItemProxy */ = {
			isa = PBXContainerItemProxy;
			containerPortal = 9CA6C35B2565BB9000307B2D /* Project object */;
			proxyType = 1;
			remoteGlobalIDString = 9CA6C3622565BB9000307B2D;
			remoteInfo = "MVVM-Recipe-App";
		};
		9CA6C3852565BB9200307B2D /* PBXContainerItemProxy */ = {
			isa = PBXContainerItemProxy;
			containerPortal = 9CA6C35B2565BB9000307B2D /* Project object */;
			proxyType = 1;
			remoteGlobalIDString = 9CA6C3622565BB9000307B2D;
			remoteInfo = "MVVM-Recipe-App";
		};
/* End PBXContainerItemProxy section */

/* Begin PBXFileReference section */
		9C458F952571583D000D638D /* FilterBarView.swift */ = {isa = PBXFileReference; lastKnownFileType = sourcecode.swift; path = FilterBarView.swift; sourceTree = "<group>"; };
		9C458F9D25717486000D638D /* RecipeViewModel.swift */ = {isa = PBXFileReference; lastKnownFileType = sourcecode.swift; path = RecipeViewModel.swift; sourceTree = "<group>"; };
		9C772B28256EFB68003F920E /* RecipeViewController.swift */ = {isa = PBXFileReference; lastKnownFileType = sourcecode.swift; path = RecipeViewController.swift; sourceTree = "<group>"; };
		9C772B3325701CF7003F920E /* UserDefaultsService.swift */ = {isa = PBXFileReference; lastKnownFileType = sourcecode.swift; path = UserDefaultsService.swift; sourceTree = "<group>"; };
		9C772B3825701D02003F920E /* ServiceManager.swift */ = {isa = PBXFileReference; lastKnownFileType = sourcecode.swift; path = ServiceManager.swift; sourceTree = "<group>"; };
		9C772B3D25701D22003F920E /* Services.swift */ = {isa = PBXFileReference; lastKnownFileType = sourcecode.swift; path = Services.swift; sourceTree = "<group>"; };
		9C772B43257024B9003F920E /* UserDefaultsServiceProtocol.swift */ = {isa = PBXFileReference; lastKnownFileType = sourcecode.swift; path = UserDefaultsServiceProtocol.swift; sourceTree = "<group>"; };
		9C772B49257035BC003F920E /* NetworkServiceProtocol.swift */ = {isa = PBXFileReference; lastKnownFileType = sourcecode.swift; path = NetworkServiceProtocol.swift; sourceTree = "<group>"; };
		9C772B4E257035C7003F920E /* NetworkService.swift */ = {isa = PBXFileReference; lastKnownFileType = sourcecode.swift; path = NetworkService.swift; sourceTree = "<group>"; };
		9C772B53257039F9003F920E /* MainViewModel.swift */ = {isa = PBXFileReference; lastKnownFileType = sourcecode.swift; path = MainViewModel.swift; sourceTree = "<group>"; };
		9C772B5C25704C9C003F920E /* FileReaderServiceProtocol.swift */ = {isa = PBXFileReference; lastKnownFileType = sourcecode.swift; path = FileReaderServiceProtocol.swift; sourceTree = "<group>"; };
		9C772B6125704CAA003F920E /* FileReaderService.swift */ = {isa = PBXFileReference; lastKnownFileType = sourcecode.swift; path = FileReaderService.swift; sourceTree = "<group>"; };
		9C844ACC25740DC40044EA83 /* FilterView.swift */ = {isa = PBXFileReference; lastKnownFileType = sourcecode.swift; path = FilterView.swift; sourceTree = "<group>"; };
		9C844AD82575B8980044EA83 /* Endpoint.swift */ = {isa = PBXFileReference; lastKnownFileType = sourcecode.swift; path = Endpoint.swift; sourceTree = "<group>"; };
		9CA6C3632565BB9000307B2D /* MVVM-Recipe-App.app */ = {isa = PBXFileReference; explicitFileType = wrapper.application; includeInIndex = 0; path = "MVVM-Recipe-App.app"; sourceTree = BUILT_PRODUCTS_DIR; };
		9CA6C3662565BB9000307B2D /* AppDelegate.swift */ = {isa = PBXFileReference; lastKnownFileType = sourcecode.swift; path = AppDelegate.swift; sourceTree = "<group>"; };
		9CA6C3682565BB9000307B2D /* SceneDelegate.swift */ = {isa = PBXFileReference; lastKnownFileType = sourcecode.swift; path = SceneDelegate.swift; sourceTree = "<group>"; };
		9CA6C36A2565BB9000307B2D /* MainViewController.swift */ = {isa = PBXFileReference; lastKnownFileType = sourcecode.swift; path = MainViewController.swift; sourceTree = "<group>"; };
		9CA6C36F2565BB9200307B2D /* Assets.xcassets */ = {isa = PBXFileReference; lastKnownFileType = folder.assetcatalog; path = Assets.xcassets; sourceTree = "<group>"; };
		9CA6C3722565BB9200307B2D /* Base */ = {isa = PBXFileReference; lastKnownFileType = file.storyboard; name = Base; path = Base.lproj/LaunchScreen.storyboard; sourceTree = "<group>"; };
		9CA6C3742565BB9200307B2D /* Info.plist */ = {isa = PBXFileReference; lastKnownFileType = text.plist.xml; path = Info.plist; sourceTree = "<group>"; };
		9CA6C3792565BB9200307B2D /* MVVM-Recipe-AppTests.xctest */ = {isa = PBXFileReference; explicitFileType = wrapper.cfbundle; includeInIndex = 0; path = "MVVM-Recipe-AppTests.xctest"; sourceTree = BUILT_PRODUCTS_DIR; };
		9CA6C37D2565BB9200307B2D /* MVVM_Recipe_AppTests.swift */ = {isa = PBXFileReference; lastKnownFileType = sourcecode.swift; path = MVVM_Recipe_AppTests.swift; sourceTree = "<group>"; };
		9CA6C37F2565BB9200307B2D /* Info.plist */ = {isa = PBXFileReference; lastKnownFileType = text.plist.xml; path = Info.plist; sourceTree = "<group>"; };
		9CA6C3842565BB9200307B2D /* MVVM-Recipe-AppUITests.xctest */ = {isa = PBXFileReference; explicitFileType = wrapper.cfbundle; includeInIndex = 0; path = "MVVM-Recipe-AppUITests.xctest"; sourceTree = BUILT_PRODUCTS_DIR; };
		9CA6C3882565BB9200307B2D /* MVVM_Recipe_AppUITests.swift */ = {isa = PBXFileReference; lastKnownFileType = sourcecode.swift; path = MVVM_Recipe_AppUITests.swift; sourceTree = "<group>"; };
		9CA6C38A2565BB9200307B2D /* Info.plist */ = {isa = PBXFileReference; lastKnownFileType = text.plist.xml; path = Info.plist; sourceTree = "<group>"; };
		9CA6C39C2565BECF00307B2D /* recipes.txt */ = {isa = PBXFileReference; fileEncoding = 4; lastKnownFileType = text; path = recipes.txt; sourceTree = "<group>"; };
		9CA6C3A12565BF6400307B2D /* Recipe.swift */ = {isa = PBXFileReference; lastKnownFileType = sourcecode.swift; path = Recipe.swift; sourceTree = "<group>"; };
		9CA6C3A62565BFF200307B2D /* Ingredient.swift */ = {isa = PBXFileReference; lastKnownFileType = sourcecode.swift; path = Ingredient.swift; sourceTree = "<group>"; };
		9CA6C3AB2565C11300307B2D /* IngredientType.swift */ = {isa = PBXFileReference; lastKnownFileType = sourcecode.swift; path = IngredientType.swift; sourceTree = "<group>"; };
		9CA6C3B12565C2BB00307B2D /* Coordinator.swift */ = {isa = PBXFileReference; lastKnownFileType = sourcecode.swift; path = Coordinator.swift; sourceTree = "<group>"; };
		9CA6C3B62565C63600307B2D /* AppCoordinator.swift */ = {isa = PBXFileReference; lastKnownFileType = sourcecode.swift; path = AppCoordinator.swift; sourceTree = "<group>"; };
/* End PBXFileReference section */

/* Begin PBXFrameworksBuildPhase section */
		9CA6C3602565BB9000307B2D /* Frameworks */ = {
			isa = PBXFrameworksBuildPhase;
			buildActionMask = 2147483647;
			files = (
			);
			runOnlyForDeploymentPostprocessing = 0;
		};
		9CA6C3762565BB9200307B2D /* Frameworks */ = {
			isa = PBXFrameworksBuildPhase;
			buildActionMask = 2147483647;
			files = (
			);
			runOnlyForDeploymentPostprocessing = 0;
		};
		9CA6C3812565BB9200307B2D /* Frameworks */ = {
			isa = PBXFrameworksBuildPhase;
			buildActionMask = 2147483647;
			files = (
			);
			runOnlyForDeploymentPostprocessing = 0;
		};
/* End PBXFrameworksBuildPhase section */

/* Begin PBXGroup section */
		9C458F942571581E000D638D /* Views */ = {
			isa = PBXGroup;
			children = (
				9C844ACB25740D5C0044EA83 /* FilterViews */,
				9C458F952571583D000D638D /* FilterBarView.swift */,
			);
			path = Views;
			sourceTree = "<group>";
		};
		9C772AE4256D9D1B003F920E /* Recipe */ = {
			isa = PBXGroup;
			children = (
				9C772B28256EFB68003F920E /* RecipeViewController.swift */,
				9C458F9D25717486000D638D /* RecipeViewModel.swift */,
			);
			path = Recipe;
			sourceTree = "<group>";
		};
		9C772B3225701C4F003F920E /* Services */ = {
			isa = PBXGroup;
			children = (
				9C772B5B25704C6D003F920E /* File */,
				9C772B4825702F4F003F920E /* Network */,
				9C772B42257024A6003F920E /* UserDefaults */,
				9C772B3825701D02003F920E /* ServiceManager.swift */,
				9C772B3D25701D22003F920E /* Services.swift */,
			);
			path = Services;
			sourceTree = "<group>";
		};
		9C772B42257024A6003F920E /* UserDefaults */ = {
			isa = PBXGroup;
			children = (
				9C772B3325701CF7003F920E /* UserDefaultsService.swift */,
				9C772B43257024B9003F920E /* UserDefaultsServiceProtocol.swift */,
			);
			path = UserDefaults;
			sourceTree = "<group>";
		};
		9C772B4825702F4F003F920E /* Network */ = {
			isa = PBXGroup;
			children = (
				9C772B49257035BC003F920E /* NetworkServiceProtocol.swift */,
				9C772B4E257035C7003F920E /* NetworkService.swift */,
			);
			path = Network;
			sourceTree = "<group>";
		};
		9C772B5B25704C6D003F920E /* File */ = {
			isa = PBXGroup;
			children = (
				9C772B5C25704C9C003F920E /* FileReaderServiceProtocol.swift */,
				9C772B6125704CAA003F920E /* FileReaderService.swift */,
			);
			path = File;
			sourceTree = "<group>";
		};
		9C844ACB25740D5C0044EA83 /* FilterViews */ = {
			isa = PBXGroup;
			children = (
				9C844ACC25740DC40044EA83 /* FilterView.swift */,
			);
			path = FilterViews;
			sourceTree = "<group>";
		};
		9C844AD1257414590044EA83 /* ApplicationTests */ = {
			isa = PBXGroup;
			children = (
				9CA6C37D2565BB9200307B2D /* MVVM_Recipe_AppTests.swift */,
				9C844AD2257414600044EA83 /* ServiceTests */,
			);
			path = ApplicationTests;
			sourceTree = "<group>";
		};
		9C844AD2257414600044EA83 /* ServiceTests */ = {
			isa = PBXGroup;
			children = (
			);
			path = ServiceTests;
			sourceTree = "<group>";
		};
		9C844AD3257414650044EA83 /* Resources */ = {
			isa = PBXGroup;
			children = (
				9CA6C37F2565BB9200307B2D /* Info.plist */,
			);
			path = Resources;
			sourceTree = "<group>";
		};
		9C844AD72575B86E0044EA83 /* Network */ = {
			isa = PBXGroup;
			children = (
				9C844AE02575BB450044EA83 /* Endpoints */,
			);
			path = Network;
			sourceTree = "<group>";
		};
		9C844AE02575BB450044EA83 /* Endpoints */ = {
			isa = PBXGroup;
			children = (
				9C844AD82575B8980044EA83 /* Endpoint.swift */,
			);
			path = Endpoints;
			sourceTree = "<group>";
		};
		9C844AE12575BBCD0044EA83 /* Recipes */ = {
			isa = PBXGroup;
			children = (
				9CA6C3AB2565C11300307B2D /* IngredientType.swift */,
				9CA6C3A62565BFF200307B2D /* Ingredient.swift */,
				9CA6C3A12565BF6400307B2D /* Recipe.swift */,
			);
			path = Recipes;
			sourceTree = "<group>";
		};
		9CA6C35A2565BB9000307B2D = {
			isa = PBXGroup;
			children = (
				9CA6C3652565BB9000307B2D /* MVVM-Recipe-App */,
				9CA6C37C2565BB9200307B2D /* MVVM-Recipe-AppTests */,
				9CA6C3872565BB9200307B2D /* MVVM-Recipe-AppUITests */,
				9CA6C3642565BB9000307B2D /* Products */,
			);
			sourceTree = "<group>";
		};
		9CA6C3642565BB9000307B2D /* Products */ = {
			isa = PBXGroup;
			children = (
				9CA6C3632565BB9000307B2D /* MVVM-Recipe-App.app */,
				9CA6C3792565BB9200307B2D /* MVVM-Recipe-AppTests.xctest */,
				9CA6C3842565BB9200307B2D /* MVVM-Recipe-AppUITests.xctest */,
			);
			name = Products;
			sourceTree = "<group>";
		};
		9CA6C3652565BB9000307B2D /* MVVM-Recipe-App */ = {
			isa = PBXGroup;
			children = (
				9CA6C39A2565BC7100307B2D /* Resources */,
				9CA6C3992565BC6800307B2D /* Application */,
			);
			path = "MVVM-Recipe-App";
			sourceTree = "<group>";
		};
		9CA6C37C2565BB9200307B2D /* MVVM-Recipe-AppTests */ = {
			isa = PBXGroup;
			children = (
				9C844AD3257414650044EA83 /* Resources */,
				9C844AD1257414590044EA83 /* ApplicationTests */,
			);
			path = "MVVM-Recipe-AppTests";
			sourceTree = "<group>";
		};
		9CA6C3872565BB9200307B2D /* MVVM-Recipe-AppUITests */ = {
			isa = PBXGroup;
			children = (
				9CA6C3882565BB9200307B2D /* MVVM_Recipe_AppUITests.swift */,
				9CA6C38A2565BB9200307B2D /* Info.plist */,
			);
			path = "MVVM-Recipe-AppUITests";
			sourceTree = "<group>";
		};
		9CA6C3992565BC6800307B2D /* Application */ = {
			isa = PBXGroup;
			children = (
				9C772B3225701C4F003F920E /* Services */,
				9CF214762565D39A00112209 /* Modules */,
				9CA6C3B02565C2AB00307B2D /* Coordinator */,
				9CA6C39B2565BEC000307B2D /* Models */,
				9CA6C3712565BB9200307B2D /* LaunchScreen.storyboard */,
				9CA6C3682565BB9000307B2D /* SceneDelegate.swift */,
				9CA6C3662565BB9000307B2D /* AppDelegate.swift */,
			);
			path = Application;
			sourceTree = "<group>";
		};
		9CA6C39A2565BC7100307B2D /* Resources */ = {
			isa = PBXGroup;
			children = (
				9CA6C36F2565BB9200307B2D /* Assets.xcassets */,
				9CA6C39C2565BECF00307B2D /* recipes.txt */,
				9CA6C3742565BB9200307B2D /* Info.plist */,
			);
			path = Resources;
			sourceTree = "<group>";
		};
		9CA6C39B2565BEC000307B2D /* Models */ = {
			isa = PBXGroup;
			children = (
				9C844AE12575BBCD0044EA83 /* Recipes */,
				9C844AD72575B86E0044EA83 /* Network */,
			);
			path = Models;
			sourceTree = "<group>";
		};
		9CA6C3B02565C2AB00307B2D /* Coordinator */ = {
			isa = PBXGroup;
			children = (
				9CA6C3B12565C2BB00307B2D /* Coordinator.swift */,
				9CA6C3B62565C63600307B2D /* AppCoordinator.swift */,
			);
			path = Coordinator;
			sourceTree = "<group>";
		};
		9CF214762565D39A00112209 /* Modules */ = {
			isa = PBXGroup;
			children = (
				9C772AE4256D9D1B003F920E /* Recipe */,
				9CF2147F2565D3C500112209 /* Main */,
			);
			path = Modules;
			sourceTree = "<group>";
		};
		9CF2147F2565D3C500112209 /* Main */ = {
			isa = PBXGroup;
			children = (
				9C458F942571581E000D638D /* Views */,
				9CA6C36A2565BB9000307B2D /* MainViewController.swift */,
				9C772B53257039F9003F920E /* MainViewModel.swift */,
			);
			path = Main;
			sourceTree = "<group>";
		};
/* End PBXGroup section */

/* Begin PBXNativeTarget section */
		9CA6C3622565BB9000307B2D /* MVVM-Recipe-App */ = {
			isa = PBXNativeTarget;
			buildConfigurationList = 9CA6C38D2565BB9200307B2D /* Build configuration list for PBXNativeTarget "MVVM-Recipe-App" */;
			buildPhases = (
				9CA6C35F2565BB9000307B2D /* Sources */,
				9CA6C3602565BB9000307B2D /* Frameworks */,
				9CA6C3612565BB9000307B2D /* Resources */,
			);
			buildRules = (
			);
			dependencies = (
			);
			name = "MVVM-Recipe-App";
			productName = "MVVM-Recipe-App";
			productReference = 9CA6C3632565BB9000307B2D /* MVVM-Recipe-App.app */;
			productType = "com.apple.product-type.application";
		};
		9CA6C3782565BB9200307B2D /* MVVM-Recipe-AppTests */ = {
			isa = PBXNativeTarget;
			buildConfigurationList = 9CA6C3902565BB9200307B2D /* Build configuration list for PBXNativeTarget "MVVM-Recipe-AppTests" */;
			buildPhases = (
				9CA6C3752565BB9200307B2D /* Sources */,
				9CA6C3762565BB9200307B2D /* Frameworks */,
				9CA6C3772565BB9200307B2D /* Resources */,
			);
			buildRules = (
			);
			dependencies = (
				9CA6C37B2565BB9200307B2D /* PBXTargetDependency */,
			);
			name = "MVVM-Recipe-AppTests";
			productName = "MVVM-Recipe-AppTests";
			productReference = 9CA6C3792565BB9200307B2D /* MVVM-Recipe-AppTests.xctest */;
			productType = "com.apple.product-type.bundle.unit-test";
		};
		9CA6C3832565BB9200307B2D /* MVVM-Recipe-AppUITests */ = {
			isa = PBXNativeTarget;
			buildConfigurationList = 9CA6C3932565BB9200307B2D /* Build configuration list for PBXNativeTarget "MVVM-Recipe-AppUITests" */;
			buildPhases = (
				9CA6C3802565BB9200307B2D /* Sources */,
				9CA6C3812565BB9200307B2D /* Frameworks */,
				9CA6C3822565BB9200307B2D /* Resources */,
			);
			buildRules = (
			);
			dependencies = (
				9CA6C3862565BB9200307B2D /* PBXTargetDependency */,
			);
			name = "MVVM-Recipe-AppUITests";
			productName = "MVVM-Recipe-AppUITests";
			productReference = 9CA6C3842565BB9200307B2D /* MVVM-Recipe-AppUITests.xctest */;
			productType = "com.apple.product-type.bundle.ui-testing";
		};
/* End PBXNativeTarget section */

/* Begin PBXProject section */
		9CA6C35B2565BB9000307B2D /* Project object */ = {
			isa = PBXProject;
			attributes = {
				LastSwiftUpdateCheck = 1210;
				LastUpgradeCheck = 1210;
				TargetAttributes = {
					9CA6C3622565BB9000307B2D = {
						CreatedOnToolsVersion = 12.1;
					};
					9CA6C3782565BB9200307B2D = {
						CreatedOnToolsVersion = 12.1;
						TestTargetID = 9CA6C3622565BB9000307B2D;
					};
					9CA6C3832565BB9200307B2D = {
						CreatedOnToolsVersion = 12.1;
						TestTargetID = 9CA6C3622565BB9000307B2D;
					};
				};
			};
			buildConfigurationList = 9CA6C35E2565BB9000307B2D /* Build configuration list for PBXProject "MVVM-Recipe-App" */;
			compatibilityVersion = "Xcode 9.3";
			developmentRegion = en;
			hasScannedForEncodings = 0;
			knownRegions = (
				en,
				Base,
			);
			mainGroup = 9CA6C35A2565BB9000307B2D;
			productRefGroup = 9CA6C3642565BB9000307B2D /* Products */;
			projectDirPath = "";
			projectRoot = "";
			targets = (
				9CA6C3622565BB9000307B2D /* MVVM-Recipe-App */,
				9CA6C3782565BB9200307B2D /* MVVM-Recipe-AppTests */,
				9CA6C3832565BB9200307B2D /* MVVM-Recipe-AppUITests */,
			);
		};
/* End PBXProject section */

/* Begin PBXResourcesBuildPhase section */
		9CA6C3612565BB9000307B2D /* Resources */ = {
			isa = PBXResourcesBuildPhase;
			buildActionMask = 2147483647;
			files = (
				9CA6C39D2565BECF00307B2D /* recipes.txt in Resources */,
				9CA6C3732565BB9200307B2D /* LaunchScreen.storyboard in Resources */,
				9CA6C3702565BB9200307B2D /* Assets.xcassets in Resources */,
			);
			runOnlyForDeploymentPostprocessing = 0;
		};
		9CA6C3772565BB9200307B2D /* Resources */ = {
			isa = PBXResourcesBuildPhase;
			buildActionMask = 2147483647;
			files = (
			);
			runOnlyForDeploymentPostprocessing = 0;
		};
		9CA6C3822565BB9200307B2D /* Resources */ = {
			isa = PBXResourcesBuildPhase;
			buildActionMask = 2147483647;
			files = (
			);
			runOnlyForDeploymentPostprocessing = 0;
		};
/* End PBXResourcesBuildPhase section */

/* Begin PBXSourcesBuildPhase section */
		9CA6C35F2565BB9000307B2D /* Sources */ = {
			isa = PBXSourcesBuildPhase;
			buildActionMask = 2147483647;
			files = (
				9C772B3E25701D22003F920E /* Services.swift in Sources */,
				9CA6C36B2565BB9000307B2D /* MainViewController.swift in Sources */,
				9C772B3425701CF7003F920E /* UserDefaultsService.swift in Sources */,
				9CA6C3672565BB9000307B2D /* AppDelegate.swift in Sources */,
				9C772B44257024B9003F920E /* UserDefaultsServiceProtocol.swift in Sources */,
				9CA6C3AC2565C11300307B2D /* IngredientType.swift in Sources */,
				9CA6C3A72565BFF200307B2D /* Ingredient.swift in Sources */,
				9C844ACD25740DC40044EA83 /* FilterView.swift in Sources */,
				9CA6C3B72565C63600307B2D /* AppCoordinator.swift in Sources */,
				9C458F962571583D000D638D /* FilterBarView.swift in Sources */,
				9C772B54257039F9003F920E /* MainViewModel.swift in Sources */,
				9C458F9E25717486000D638D /* RecipeViewModel.swift in Sources */,
				9CA6C3692565BB9000307B2D /* SceneDelegate.swift in Sources */,
				9C772B5D25704C9C003F920E /* FileReaderServiceProtocol.swift in Sources */,
				9CA6C3A22565BF6400307B2D /* Recipe.swift in Sources */,
				9C772B4F257035C7003F920E /* NetworkService.swift in Sources */,
				9C772B6225704CAA003F920E /* FileReaderService.swift in Sources */,
				9CA6C3B22565C2BB00307B2D /* Coordinator.swift in Sources */,
				9C772B29256EFB68003F920E /* RecipeViewController.swift in Sources */,
				9C772B3925701D02003F920E /* ServiceManager.swift in Sources */,
				9C844AD92575B8980044EA83 /* Endpoint.swift in Sources */,
				9C772B4A257035BC003F920E /* NetworkServiceProtocol.swift in Sources */,
			);
			runOnlyForDeploymentPostprocessing = 0;
		};
		9CA6C3752565BB9200307B2D /* Sources */ = {
			isa = PBXSourcesBuildPhase;
			buildActionMask = 2147483647;
			files = (
				9CA6C37E2565BB9200307B2D /* MVVM_Recipe_AppTests.swift in Sources */,
			);
			runOnlyForDeploymentPostprocessing = 0;
		};
		9CA6C3802565BB9200307B2D /* Sources */ = {
			isa = PBXSourcesBuildPhase;
			buildActionMask = 2147483647;
			files = (
				9CA6C3892565BB9200307B2D /* MVVM_Recipe_AppUITests.swift in Sources */,
			);
			runOnlyForDeploymentPostprocessing = 0;
		};
/* End PBXSourcesBuildPhase section */

/* Begin PBXTargetDependency section */
		9CA6C37B2565BB9200307B2D /* PBXTargetDependency */ = {
			isa = PBXTargetDependency;
			target = 9CA6C3622565BB9000307B2D /* MVVM-Recipe-App */;
			targetProxy = 9CA6C37A2565BB9200307B2D /* PBXContainerItemProxy */;
		};
		9CA6C3862565BB9200307B2D /* PBXTargetDependency */ = {
			isa = PBXTargetDependency;
			target = 9CA6C3622565BB9000307B2D /* MVVM-Recipe-App */;
			targetProxy = 9CA6C3852565BB9200307B2D /* PBXContainerItemProxy */;
		};
/* End PBXTargetDependency section */

/* Begin PBXVariantGroup section */
		9CA6C3712565BB9200307B2D /* LaunchScreen.storyboard */ = {
			isa = PBXVariantGroup;
			children = (
				9CA6C3722565BB9200307B2D /* Base */,
			);
			name = LaunchScreen.storyboard;
			sourceTree = "<group>";
		};
/* End PBXVariantGroup section */

/* Begin XCBuildConfiguration section */
		9CA6C38B2565BB9200307B2D /* Debug */ = {
			isa = XCBuildConfiguration;
			buildSettings = {
				ALWAYS_SEARCH_USER_PATHS = NO;
				CLANG_ANALYZER_NONNULL = YES;
				CLANG_ANALYZER_NUMBER_OBJECT_CONVERSION = YES_AGGRESSIVE;
				CLANG_CXX_LANGUAGE_STANDARD = "gnu++14";
				CLANG_CXX_LIBRARY = "libc++";
				CLANG_ENABLE_MODULES = YES;
				CLANG_ENABLE_OBJC_ARC = YES;
				CLANG_ENABLE_OBJC_WEAK = YES;
				CLANG_WARN_BLOCK_CAPTURE_AUTORELEASING = YES;
				CLANG_WARN_BOOL_CONVERSION = YES;
				CLANG_WARN_COMMA = YES;
				CLANG_WARN_CONSTANT_CONVERSION = YES;
				CLANG_WARN_DEPRECATED_OBJC_IMPLEMENTATIONS = YES;
				CLANG_WARN_DIRECT_OBJC_ISA_USAGE = YES_ERROR;
				CLANG_WARN_DOCUMENTATION_COMMENTS = YES;
				CLANG_WARN_EMPTY_BODY = YES;
				CLANG_WARN_ENUM_CONVERSION = YES;
				CLANG_WARN_INFINITE_RECURSION = YES;
				CLANG_WARN_INT_CONVERSION = YES;
				CLANG_WARN_NON_LITERAL_NULL_CONVERSION = YES;
				CLANG_WARN_OBJC_IMPLICIT_RETAIN_SELF = YES;
				CLANG_WARN_OBJC_LITERAL_CONVERSION = YES;
				CLANG_WARN_OBJC_ROOT_CLASS = YES_ERROR;
				CLANG_WARN_QUOTED_INCLUDE_IN_FRAMEWORK_HEADER = YES;
				CLANG_WARN_RANGE_LOOP_ANALYSIS = YES;
				CLANG_WARN_STRICT_PROTOTYPES = YES;
				CLANG_WARN_SUSPICIOUS_MOVE = YES;
				CLANG_WARN_UNGUARDED_AVAILABILITY = YES_AGGRESSIVE;
				CLANG_WARN_UNREACHABLE_CODE = YES;
				CLANG_WARN__DUPLICATE_METHOD_MATCH = YES;
				COPY_PHASE_STRIP = NO;
				DEBUG_INFORMATION_FORMAT = dwarf;
				ENABLE_STRICT_OBJC_MSGSEND = YES;
				ENABLE_TESTABILITY = YES;
				GCC_C_LANGUAGE_STANDARD = gnu11;
				GCC_DYNAMIC_NO_PIC = NO;
				GCC_NO_COMMON_BLOCKS = YES;
				GCC_OPTIMIZATION_LEVEL = 0;
				GCC_PREPROCESSOR_DEFINITIONS = (
					"DEBUG=1",
					"$(inherited)",
				);
				GCC_WARN_64_TO_32_BIT_CONVERSION = YES;
				GCC_WARN_ABOUT_RETURN_TYPE = YES_ERROR;
				GCC_WARN_UNDECLARED_SELECTOR = YES;
				GCC_WARN_UNINITIALIZED_AUTOS = YES_AGGRESSIVE;
				GCC_WARN_UNUSED_FUNCTION = YES;
				GCC_WARN_UNUSED_VARIABLE = YES;
				IPHONEOS_DEPLOYMENT_TARGET = 14.1;
				MTL_ENABLE_DEBUG_INFO = INCLUDE_SOURCE;
				MTL_FAST_MATH = YES;
				ONLY_ACTIVE_ARCH = YES;
				SDKROOT = iphoneos;
				SWIFT_ACTIVE_COMPILATION_CONDITIONS = DEBUG;
				SWIFT_OPTIMIZATION_LEVEL = "-Onone";
			};
			name = Debug;
		};
		9CA6C38C2565BB9200307B2D /* Release */ = {
			isa = XCBuildConfiguration;
			buildSettings = {
				ALWAYS_SEARCH_USER_PATHS = NO;
				CLANG_ANALYZER_NONNULL = YES;
				CLANG_ANALYZER_NUMBER_OBJECT_CONVERSION = YES_AGGRESSIVE;
				CLANG_CXX_LANGUAGE_STANDARD = "gnu++14";
				CLANG_CXX_LIBRARY = "libc++";
				CLANG_ENABLE_MODULES = YES;
				CLANG_ENABLE_OBJC_ARC = YES;
				CLANG_ENABLE_OBJC_WEAK = YES;
				CLANG_WARN_BLOCK_CAPTURE_AUTORELEASING = YES;
				CLANG_WARN_BOOL_CONVERSION = YES;
				CLANG_WARN_COMMA = YES;
				CLANG_WARN_CONSTANT_CONVERSION = YES;
				CLANG_WARN_DEPRECATED_OBJC_IMPLEMENTATIONS = YES;
				CLANG_WARN_DIRECT_OBJC_ISA_USAGE = YES_ERROR;
				CLANG_WARN_DOCUMENTATION_COMMENTS = YES;
				CLANG_WARN_EMPTY_BODY = YES;
				CLANG_WARN_ENUM_CONVERSION = YES;
				CLANG_WARN_INFINITE_RECURSION = YES;
				CLANG_WARN_INT_CONVERSION = YES;
				CLANG_WARN_NON_LITERAL_NULL_CONVERSION = YES;
				CLANG_WARN_OBJC_IMPLICIT_RETAIN_SELF = YES;
				CLANG_WARN_OBJC_LITERAL_CONVERSION = YES;
				CLANG_WARN_OBJC_ROOT_CLASS = YES_ERROR;
				CLANG_WARN_QUOTED_INCLUDE_IN_FRAMEWORK_HEADER = YES;
				CLANG_WARN_RANGE_LOOP_ANALYSIS = YES;
				CLANG_WARN_STRICT_PROTOTYPES = YES;
				CLANG_WARN_SUSPICIOUS_MOVE = YES;
				CLANG_WARN_UNGUARDED_AVAILABILITY = YES_AGGRESSIVE;
				CLANG_WARN_UNREACHABLE_CODE = YES;
				CLANG_WARN__DUPLICATE_METHOD_MATCH = YES;
				COPY_PHASE_STRIP = NO;
				DEBUG_INFORMATION_FORMAT = "dwarf-with-dsym";
				ENABLE_NS_ASSERTIONS = NO;
				ENABLE_STRICT_OBJC_MSGSEND = YES;
				GCC_C_LANGUAGE_STANDARD = gnu11;
				GCC_NO_COMMON_BLOCKS = YES;
				GCC_WARN_64_TO_32_BIT_CONVERSION = YES;
				GCC_WARN_ABOUT_RETURN_TYPE = YES_ERROR;
				GCC_WARN_UNDECLARED_SELECTOR = YES;
				GCC_WARN_UNINITIALIZED_AUTOS = YES_AGGRESSIVE;
				GCC_WARN_UNUSED_FUNCTION = YES;
				GCC_WARN_UNUSED_VARIABLE = YES;
				IPHONEOS_DEPLOYMENT_TARGET = 14.1;
				MTL_ENABLE_DEBUG_INFO = NO;
				MTL_FAST_MATH = YES;
				SDKROOT = iphoneos;
				SWIFT_COMPILATION_MODE = wholemodule;
				SWIFT_OPTIMIZATION_LEVEL = "-O";
				VALIDATE_PRODUCT = YES;
			};
			name = Release;
		};
		9CA6C38E2565BB9200307B2D /* Debug */ = {
			isa = XCBuildConfiguration;
			buildSettings = {
				ASSETCATALOG_COMPILER_APPICON_NAME = AppIcon;
				ASSETCATALOG_COMPILER_GLOBAL_ACCENT_COLOR_NAME = AccentColor;
				CODE_SIGN_STYLE = Automatic;
				DEVELOPMENT_TEAM = 34DLF95UH4;
				INFOPLIST_FILE = "MVVM-Recipe-App/Resources/Info.plist";
				IPHONEOS_DEPLOYMENT_TARGET = 13.0;
				LD_RUNPATH_SEARCH_PATHS = (
					"$(inherited)",
					"@executable_path/Frameworks",
				);
				PRODUCT_BUNDLE_IDENTIFIER = "com.copper.solder.MVVM-Recipe-App";
				PRODUCT_NAME = "$(TARGET_NAME)";
				SWIFT_VERSION = 5.0;
				TARGETED_DEVICE_FAMILY = "1,2";
			};
			name = Debug;
		};
		9CA6C38F2565BB9200307B2D /* Release */ = {
			isa = XCBuildConfiguration;
			buildSettings = {
				ASSETCATALOG_COMPILER_APPICON_NAME = AppIcon;
				ASSETCATALOG_COMPILER_GLOBAL_ACCENT_COLOR_NAME = AccentColor;
				CODE_SIGN_STYLE = Automatic;
				DEVELOPMENT_TEAM = 34DLF95UH4;
				INFOPLIST_FILE = "MVVM-Recipe-App/Resources/Info.plist";
				IPHONEOS_DEPLOYMENT_TARGET = 13.0;
				LD_RUNPATH_SEARCH_PATHS = (
					"$(inherited)",
					"@executable_path/Frameworks",
				);
				PRODUCT_BUNDLE_IDENTIFIER = "com.copper.solder.MVVM-Recipe-App";
				PRODUCT_NAME = "$(TARGET_NAME)";
				SWIFT_VERSION = 5.0;
				TARGETED_DEVICE_FAMILY = "1,2";
			};
			name = Release;
		};
		9CA6C3912565BB9200307B2D /* Debug */ = {
			isa = XCBuildConfiguration;
			buildSettings = {
				ALWAYS_EMBED_SWIFT_STANDARD_LIBRARIES = YES;
				BUNDLE_LOADER = "$(TEST_HOST)";
				CODE_SIGN_STYLE = Automatic;
				DEVELOPMENT_TEAM = 34DLF95UH4;
				INFOPLIST_FILE = "MVVM-Recipe-AppTests/Resources/Info.plist";
				IPHONEOS_DEPLOYMENT_TARGET = 14.1;
				LD_RUNPATH_SEARCH_PATHS = (
					"$(inherited)",
					"@executable_path/Frameworks",
					"@loader_path/Frameworks",
				);
				PRODUCT_BUNDLE_IDENTIFIER = "com.copper.solder.MVVM-Recipe-AppTests";
				PRODUCT_NAME = "$(TARGET_NAME)";
				SWIFT_VERSION = 5.0;
				TARGETED_DEVICE_FAMILY = "1,2";
				TEST_HOST = "$(BUILT_PRODUCTS_DIR)/MVVM-Recipe-App.app/MVVM-Recipe-App";
			};
			name = Debug;
		};
		9CA6C3922565BB9200307B2D /* Release */ = {
			isa = XCBuildConfiguration;
			buildSettings = {
				ALWAYS_EMBED_SWIFT_STANDARD_LIBRARIES = YES;
				BUNDLE_LOADER = "$(TEST_HOST)";
				CODE_SIGN_STYLE = Automatic;
				DEVELOPMENT_TEAM = 34DLF95UH4;
				INFOPLIST_FILE = "MVVM-Recipe-AppTests/Resources/Info.plist";
				IPHONEOS_DEPLOYMENT_TARGET = 14.1;
				LD_RUNPATH_SEARCH_PATHS = (
					"$(inherited)",
					"@executable_path/Frameworks",
					"@loader_path/Frameworks",
				);
				PRODUCT_BUNDLE_IDENTIFIER = "com.copper.solder.MVVM-Recipe-AppTests";
				PRODUCT_NAME = "$(TARGET_NAME)";
				SWIFT_VERSION = 5.0;
				TARGETED_DEVICE_FAMILY = "1,2";
				TEST_HOST = "$(BUILT_PRODUCTS_DIR)/MVVM-Recipe-App.app/MVVM-Recipe-App";
			};
			name = Release;
		};
		9CA6C3942565BB9200307B2D /* Debug */ = {
			isa = XCBuildConfiguration;
			buildSettings = {
				ALWAYS_EMBED_SWIFT_STANDARD_LIBRARIES = YES;
				CODE_SIGN_STYLE = Automatic;
				DEVELOPMENT_TEAM = 34DLF95UH4;
				INFOPLIST_FILE = "MVVM-Recipe-AppUITests/Info.plist";
				LD_RUNPATH_SEARCH_PATHS = (
					"$(inherited)",
					"@executable_path/Frameworks",
					"@loader_path/Frameworks",
				);
				PRODUCT_BUNDLE_IDENTIFIER = "com.copper.solder.MVVM-Recipe-AppUITests";
				PRODUCT_NAME = "$(TARGET_NAME)";
				SWIFT_VERSION = 5.0;
				TARGETED_DEVICE_FAMILY = "1,2";
				TEST_TARGET_NAME = "MVVM-Recipe-App";
			};
			name = Debug;
		};
		9CA6C3952565BB9200307B2D /* Release */ = {
			isa = XCBuildConfiguration;
			buildSettings = {
				ALWAYS_EMBED_SWIFT_STANDARD_LIBRARIES = YES;
				CODE_SIGN_STYLE = Automatic;
				DEVELOPMENT_TEAM = 34DLF95UH4;
				INFOPLIST_FILE = "MVVM-Recipe-AppUITests/Info.plist";
				LD_RUNPATH_SEARCH_PATHS = (
					"$(inherited)",
					"@executable_path/Frameworks",
					"@loader_path/Frameworks",
				);
				PRODUCT_BUNDLE_IDENTIFIER = "com.copper.solder.MVVM-Recipe-AppUITests";
				PRODUCT_NAME = "$(TARGET_NAME)";
				SWIFT_VERSION = 5.0;
				TARGETED_DEVICE_FAMILY = "1,2";
				TEST_TARGET_NAME = "MVVM-Recipe-App";
			};
			name = Release;
		};
/* End XCBuildConfiguration section */

/* Begin XCConfigurationList section */
		9CA6C35E2565BB9000307B2D /* Build configuration list for PBXProject "MVVM-Recipe-App" */ = {
			isa = XCConfigurationList;
			buildConfigurations = (
				9CA6C38B2565BB9200307B2D /* Debug */,
				9CA6C38C2565BB9200307B2D /* Release */,
			);
			defaultConfigurationIsVisible = 0;
			defaultConfigurationName = Release;
		};
		9CA6C38D2565BB9200307B2D /* Build configuration list for PBXNativeTarget "MVVM-Recipe-App" */ = {
			isa = XCConfigurationList;
			buildConfigurations = (
				9CA6C38E2565BB9200307B2D /* Debug */,
				9CA6C38F2565BB9200307B2D /* Release */,
			);
			defaultConfigurationIsVisible = 0;
			defaultConfigurationName = Release;
		};
		9CA6C3902565BB9200307B2D /* Build configuration list for PBXNativeTarget "MVVM-Recipe-AppTests" */ = {
			isa = XCConfigurationList;
			buildConfigurations = (
				9CA6C3912565BB9200307B2D /* Debug */,
				9CA6C3922565BB9200307B2D /* Release */,
			);
			defaultConfigurationIsVisible = 0;
			defaultConfigurationName = Release;
		};
		9CA6C3932565BB9200307B2D /* Build configuration list for PBXNativeTarget "MVVM-Recipe-AppUITests" */ = {
			isa = XCConfigurationList;
			buildConfigurations = (
				9CA6C3942565BB9200307B2D /* Debug */,
				9CA6C3952565BB9200307B2D /* Release */,
			);
			defaultConfigurationIsVisible = 0;
			defaultConfigurationName = Release;
		};
/* End XCConfigurationList section */
	};
	rootObject = 9CA6C35B2565BB9000307B2D /* Project object */;
}
